
Microsoft Visual Studio Solution File, Format Version 12.00
# Visual Studio Version 16
VisualStudioVersion = 16.0.30907.101
MinimumVisualStudioVersion = 10.0.40219.1
Project("{FAE04EC0-301F-11D3-BF4B-00C04F79EFBC}") = "Repository", "Repository.csproj", "{D1AFAF39-76A4-4792-8305-056B6F170ADF}"
EndProject
Global
	GlobalSection(SolutionConfigurationPlatforms) = preSolution
		Debug|Any CPU = Debug|Any CPU
		Release|Any CPU = Release|Any CPU
	EndGlobalSection
	GlobalSection(ProjectConfigurationPlatforms) = postSolution
		{D1AFAF39-76A4-4792-8305-056B6F170ADF}.Debug|Any CPU.ActiveCfg = Debug|Any CPU
		{D1AFAF39-76A4-4792-8305-056B6F170ADF}.Debug|Any CPU.Build.0 = Debug|Any CPU
		{D1AFAF39-76A4-4792-8305-056B6F170ADF}.Release|Any CPU.ActiveCfg = Release|Any CPU
		{D1AFAF39-76A4-4792-8305-056B6F170ADF}.Release|Any CPU.Build.0 = Release|Any CPU
	EndGlobalSection
	GlobalSection(SolutionProperties) = preSolution
		HideSolutionNode = FALSE
	EndGlobalSection
	GlobalSection(ExtensibilityGlobals) = postSolution
		SolutionGuid = {61357601-2241-46E8-A18F-CF3C7780EC1D}
	EndGlobalSection
EndGlobal
